      "integrity": "sha512-gHlQEiJa8c6M9s9Z0ZUaWbjSHJDeFUwVrRdc3xLp7Ii5JJE6BTUevGYksZdvJ5Ns1SGxdkXKKxsRmttmDXHqr+w==",
      "cpu": [
        "ppc64"
      ],
      "dev": true,
      "license": "MIT",
      "optional": true,
      "os": [
        "linux"
      ],
      "engines": {
        "node": ">=18"
      }
    },
    "node_modules/@esbuild/linux-riscv64": {
      "version": "0.27.4",
      "resolved": "https://registry.npmjs.org/@esbuild/linux-riscv64/-/linux-riscv64-0.27.4.tgz",
      "integrity": "sha512-RrqtRJXoWJQJBQo8JFc5RHpJGkWB1M1QzvbNWhgDmcYcPGMPTGJWJHIgWfgTNUD3wV62z/aFepQlo2DgfMq3Mmw==",
      "cpu": [
        "riscv64"
      ],
      "dev": true,
      "license": "MIT",
      "optional": true,
      "os": [
        "linux"
      ],
      "engines": {
        "node": ">=18"
      }
    },
    "node_modules/@esbuild/linux-s390x": {
      "version": "0.27.4",
      "resolved": "https://registry.npmjs.org/@esbuild/linux-s390x/-/linux-s390x-0.27.4.tgz",
      "integrity": "sha512-tQR86UJYQZJzHJW6F0PqH8z+yOBbVmHG2W9VFGc/hpwVt+DTE/r2hPDpOYO8S2IhDIrxmuR2W7HsWrdLsszARvw==",
      "cpu": [
        "s390x"
      ],
      "dev": true,
      "license": "MIT",
      "optional": true,
      "os": [
        "linux"
      ],
      "engines": {
        "node": ">=18"
      }
    },
    "node_modules/@esbuild/linux-x64": {
      "version": "0.27.4",
      "resolved": "https://registry.npmjs.org/@esbuild/linux-x64/-/linux-x64-0.27.4.tgz",
      "integrity": "sha512-LC5Sg2XX7X4JW4mEUjR5kG3P6G3ic9XVCMkFGKStdS6XzQwJhQPLbZi4JHsrJ3zC+XqJ5XpHk4iq2M0P6pW0sxw==",
      "cpu": [
        "x64"
      ],
      "dev": true,
      "license": "MIT",
      "optional": true,
      "os": [
        "linux"
      ],
      "engines": {
        "node": ">=18"
      }
    },
    "node_modules/@esbuild/netbsd-arm64": {
      "version": "0.27.4",
      "resolved": "https://registry.npmjs.org/@esbuild/netbsd-arm64/-/netbsd-arm64-0.27.4.tgz",
      "integrity": "sha512-8J7JLv8GV2DTT9aS2LcHMuCAtbZmRxiwmFEdqKV4PAZ+j4WQD4BBhXCEu3vYxFLWFqx1aT8J7qStbfJ8W1K5WQ==",
      "cpu": [
        "arm64"
      ],
      "dev": true,
      "license": "MIT",
      "optional": true,
      "os": [
        "netbsd"
      ],
      "engines": {
        "node": ">=18"
      }
    },
    "node_modules/@esbuild/netbsd-x64": {
      "version": "0.27.4",
      "resolved": "https://registry.npmjs.org/@esbuild/netbsd-x64/-/netbsd-x64-0.27.4.tgz",
      "integrity": "sha512-Hj8CP3J7NmWqBDTznVt3JtqzC9T9gfYP7h1LZJ6LJqIJsLqYjyMJMxJv8nS2O0A5Tv7M6g3JbJZVNHtXogYnPOw==",
      "cpu": [
        "x64"
      ],
      "dev": true,
      "license": "MIT",
      "optional": true,
      "os": [
        "netbsd"
      ],
      "engines": {
        "node": ">=18"
      }
    },
    "node_modules/@esbuild/openbsd-arm64": {
      "version": "0.27.4",
      "resolved": "https://registry.npmjs.org/@esbuild/openbsd-arm64/-/openbsd-arm64-0.27.4.tgz",
      "integrity": "sha512-zRA7p0sVUBCrXhVGBV0VHAxPIJWoPDJn+JL5aWm6W3P1K0PeG0uFO6of5vv4+tbd1nHdRb0FFE9kRK3V2Xw1OJw==",
      "cpu": [
        "arm64"
      ],
      "dev": true,
      "license": "MIT",
      "optional": true,
      "os": [
        "openbsd"
      ],
      "engines": {
        "node": ">=18"
      }
    },
    "node_modules/@esbuild/openbsd-x64": {
      "version": "0.27.4",
      "resolved": "https://registry.npmjs.org/@esbuild/openbsd-x64/-/openbsd-x64-0.27.4.tgz",
      "integrity": "sha512-OfZcI2qW0P4kK2RPqZEqpJnUW8F3JQLldxBx1xYKa2Gk7bR4Zv5Kj5kAga3H7DqVtQxsTzMR7NwLMCKv5yyM8KA==",
      "cpu": [
        "x64"
      ],
      "dev": true,
      "license": "MIT",
      "optional": true,
      "os": [
        "openbsd"
      ],
      "engines": {
        "node": ">=18"
      }
    },
    "node_modules/@esbuild/openharmony-arm64": {
      "version": "0.27.4",
      "resolved": "https://registry.npmjs.org/@esbuild/openharmony-arm64/-/openharmony-arm64-0.27.4.tgz",
      "integrity": "sha512-SSYDkYcqJ8Pki4EVzbT6JLk6vm2pI7hSJ6LJlKVxJGaX3S4Mv1rdM2LfbzPpV/J0CQQqYm3hHV5p2Vg3wHoNCQQ==",
      "cpu": [
        "arm64"
      ],
      "dev": true,
      "license": "MIT",
      "optional": true,
      "os": [
        "openharmony"
      ],
      "engines": {
        "node": ">=18"
      }
    },
    "node_modules/@esbuild/sunos-x64": {
      "version": "0.27.4",
      "resolved": "https://registry.npmjs.org/@esbuild/sunos-x64/-/sunos-x64-0.27.4.tgz",
      "integrity": "sha512-jYdA+QxM4+0tK1DbBqzgPp+EC8j4fL7JGB9VK2Je3gt9ZqjnJ1GDf9xuAecYz1g4fCBbNBZyVCXwg1iq/u7nQxA==",
      "cpu": [
        "x64"
      ],
      "dev": true,
      "license": "MIT",
      "optional": true,
      "os": [
        "sunos"
      ],
      "engines": {
        "node": ">=18"
      }
    },
    "node_modules/@esbuild/win32-arm64": {
      "version": "0.27.4",
      "resolved": "https://registry.npmjs.org/@esbuild/win32-arm64/-/win32-arm64-0.27.4.tgz",
      "integrity": "sha512-8b5JyHbS6Y6BWRjtKZbPwWUnmDVHRm7j+o6KPGxWVM2DnMsC4VQwzWq1sE4L6M+8E0IAk+PNHnAVC6bSOJhx5oQ==",
      "cpu": [
        "arm64"
      ],
      "dev": true,
      "license": "MIT",
      "optional": true,
      "os": [
        "win32"
      ],
      "engines": {
        "node": ">=18"
      }
    },
    "node_modules/@esbuild/win32-ia32": {
      "version": "0.27.4",
      "resolved": "https://registry.npmjs.org/@esbuild/win32-ia32/-/win32-ia32-0.27.4.tgz",
      "integrity": "sha512-uCg0gDCYJN3IauMikJz0WRLvJ4/8qcBjjyGzPwH4tGLP8PQCY1J+5nqK1D2L5WJ7qGohH5BD8VTJ8hC0iN6Ph0g==",
      "cpu": [
        "ia32"
      ],
      "dev": true,
      "license": "MIT",
      "optional": true,
      "os": [
        "win32"
      ],
      "engines": {
        "node": ">=18"
      }
    },
    "node_modules/@esbuild/win32-x64": {
      "version": "0.27.4",
      "resolved": "https://registry.npmjs.org/@esbuild/win32-x64/-/win32-x64-0.27.4.tgz",
      "integrity": "sha512-PzKHOj6bPqCNxZMPfz3hzBQPNkQ2p3S6ilP7W8CQEMV1jE8lTb9W2NJPqJOPMxvG6uAavJ3Ww0mBNhJm6VL5cj1w==",
      "cpu": [
        "x64"
      ],
      "dev": true,
      "license": "MIT",
      "optional": true,
      "os": [
        "win32"
      ],
      "engines": {
        "node": ">=18"
      }
    },
    "node_modules/@google/generative-ai": {
      "version": "0.24.1",
      "resolved": "https://registry.npmjs.org/@google/generative-ai/-/generative-ai-0.24.1.tgz",
      "integrity": "sha512-keGqPUDoBLMvJcexbvqZxoyYcDhgujpcRmcL5ubKY7jCiQ0R3dQv+Kt5R0p0zG0QfATyUDmM4mJzGaK5qJ0T8wA==",
      "license": "Apache-2.0",
      "engines": {
        "node": ">=18.0.0"
      }
    },
    "node_modules/@grammyjs/types": {
      "version": "3.25.0",
      "resolved": "https://registry.npmjs.org/@grammyjs/types/-/types-3.25.0.tgz",
      "integrity": "sha512-yJJ6MqOTxT1rEA1qB9uK4vKCOEqKG8HlLNFX9my1CjWXYeZ6Jvl+JsDYiDirI51rStmPe/yCOTZ5Cp2zJzTVfAw==",
      "license": "MIT"
    },
    "node_modules/@img/sharp-darwin-arm64": {
      "version": "0.33.5",
      "resolved": "https://registry.npmjs.org/@img/sharp-darwin-arm64/-/sharp-darwin-arm64-0.33.5.tgz",
      "integrity": "sha512-6v1uXcx1mZeztAtcTduujM0pYPBvW3TrDx40pAL8s74C4F4k3xUvXh4uL0PzG75+LyCsRGp0OKOVH0exeh3KJg==",
      "cpu": [
        "arm64"
      ],
      "license": "Apache-2.0",
      "optional": true,
      "os": [
        "darwin"
      ],
      "engines": {
        "node": "^18.17.0 || ^20.3.0 || >=21.0.0"
      }
    },
    "node_modules/@img/sharp-darwin-x64": {
      "version": "0.33.5",
      "resolved": "https://registry.npmjs.org/@img/sharp-darwin-x64/-/sharp-darwin-x64-0.33.5.tgz",
      "integrity": "sha512-8rFnq0ScHo8Hl0Be1OX5wQcG3i3j5lM3O3KcS4uZF8C5RUPpcjGl0szZTsW5Mq3tR1dPz4pD+jEDm6eeGdzxjg==",
      "cpu": [
        "x64"
      ],
      "license": "Apache-2.0",
      "optional": true,
      "os": [
        "darwin"
      ],
      "engines": {
        "node": "^18.17.0 || ^20.3.0 || >=21.0.0"
      }
    },
    "node_modules/@img/sharp-libvips-darwin-arm64": {
      "version": "1.0.4",
      "resolved": "https://registry.npmjs.org/@img/sharp-libvips-darwin-arm64/-/sharp-libvips-darwin-arm64-1.0.4.tgz",
      "integrity": "sha512-jYJZD7lPHbMtCynZAAQ+33liALG8OuE5nTwb1KZPdrDDgGeGbjybH1qDR0h/3rdzX1S3l+liYBTbOcy4FuZfUw==",
      "cpu": [
        "arm64"
      ],
      "license": "LGPL-3.0-or-later",
      "optional": true,
      "os": [
        "darwin"
      ],
      "engines": {
        "node": "^18.17.0 || ^20.3.0 || >=21.0.0"
      }
    },
    "node_modules/@img/sharp-libvips-darwin-x64": {
      "version": "1.0.4",
      "resolved": "https://registry.npmjs.org/@img/sharp-libvips-darwin-x64/-/sharp-libvips-darwin-x64-1.0.4.tgz",
      "integrity": "sha512-x5km/sTOfG0jm6VH+JPwkPsH2Fej7H5k3fJ5La8g+qeUcRmnOjdHJsBwkQDr4GqyJWpMJA+n5p1tw3zXisM8fVQ==",
      "cpu": [
        "x64"
      ],
      "license": "LGPL-3.0-or-later",
      "optional": true,
      "os": [
        "darwin"
      ],
      "engines": {
        "node": "^18.17.0 || ^20.3.0 || >=21.0.0"
      }
    },
    "node_modules/@img/sharp-libvips-linux-arm": {
      "version": "1.0.5",
      "resolved": "https://registry.npmjs.org/@img/sharp-libvips-linux-arm/-/sharp-libvips-linux-arm-1.0.5.tgz",
      "integrity": "sha512-gyCOn5AqI0EJw+IrWGl4WwdDx0J0jvWoQ9fRHw6JycqGkJP8ePEW6J1A2/q2G+Lc6WDG/Kv9M1C6L5LMCETxUQ==",
      "cpu": [
        "arm"
      ],
      "license": "LGPL-3.0-or-later",
      "optional": true,
      "os": [
        "linux"
      ],
      "engines": {
        "node": "^18.17.0 || ^20.3.0 || >=21.0.0"
      }
    },
    "node_modules/@img/sharp-libvips-linux-arm64": {
      "version": "1.0.4",
      "resolved": "https://registry.npmjs.org/@img/sharp-libvips-linux-arm64/-/sharp-libvips-linux-arm64-1.0.4.tgz",
      "integrity": "sha512-TL+1r3shM9sGrldvWsVjnT6pNn2I2wZVH8JI+PD1crmv7Hnl2J0JA1+FVQWzToMkYAIUrzRRPeWdnk1arE6PsFA==",
      "cpu": [
        "arm64"
      ],
      "license": "LGPL-3.0-or-later",
      "optional": true,
      "os": [
        "linux"
      ],
      "engines": {
        "node": "^18.17.0 || ^20.3.0 || >=21.0.0"
      }
    },
    "node_modules/@img/sharp-libvips-linux-s390x": {
      "version": "1.0.4",
      "resolved": "https://registry.npmjs.org/@img/sharp-libvips-linux-s390x/-/sharp-libvips-linux-s390x-1.0.4.tgz",
      "integrity": "sha512-u/eUeRrYaMXF6vMWuVkHMjLqFDHRQs2WLv4hCJU5wqPx0IYqN0hlh8iJqXcujCqKZSGpDQrVzSrmJ5fIQxOj6nA==",
      "cpu": [
        "s390x"
      ],
      "license": "LGPL-3.0-or-later",
      "optional": true,
      "os": [
        "linux"
      ],
      "engines": {
        "node": "^18.17.0 || ^20.3.0 || >=21.0.0"
      }
    },
    "node_modules/@img/sharp-libvips-linux-x64": {
      "version": "1.0.4",
      "resolved": "https://registry.npmjs.org/@img/sharp-libvips-linux-x64/-/sharp-libvips-linux-x64-1.0.4.tgz",
      "integrity": "sha512-jE6LI0GeDIMMmpJZeG1yKkDH7jB8P1GqJH5k5qW6KLcK+4M6T1DzhQV/F1o8Rfl3JCOeYzPPnL3C5tO4jJtZzw==",
      "cpu": [
        "x64"
      ],
      "license": "LGPL-3.0-or-later",
      "optional": true,
      "os": [
        "linux"
      ],
      "engines": {
        "node": "^18.17.0 || ^20.3.0 || >=21.0.0"
      }
    },
    "node_modules/@img/sharp-libvips-linuxmusl-arm64": {
      "version": "1.0.4",
      "resolved": "https://registry.npmjs.org/@img/sharp-libvips-linuxmusl-arm64/-/sharp-libvips-linuxmusl-arm64-1.0.4.tgz",
      "integrity": "sha512-HeZp4n2zCmHHHk8s5Uqc1R3Y3g2lBxWkKSZGhjtIUW7ALPYtIFu0BqYFpP+I/+lpG2N9xWnStCr2B7kj7Pd9pg==",
      "cpu": [
        "arm64"
      ],
      "license": "LGPL-3.0-or-later",
      "optional": true,
      "os": [
        "linux"
      ],
      "engines": {
        "node": "^18.17.0 || ^20.3.0 || >=21.0.0"
      }
    },
    "node_modules/@img/sharp-libvips-linuxmusl-x64": {
      "version": "1.0.4",
      "resolved": "https://registry.npmjs.org/@img/sharp-libvips-linuxmusl-x64/-/sharp-libvips-linuxmusl-x64-1.0.4.tgz",
      "integrity": "sha512-cxWScWQeKqUyxLZKa6bQ0rdhMngIuPxwTSjVTWVWSL0iNjTcdLUYJaGvLtmx2Z++sY+wKNyT4M6ekxdL1JHcl0A==",
      "cpu": [
        "x64"
      ],
      "license": "LGPL-3.0-or-later",
      "optional": true,
      "os": [
        "linux"
      ],
      "engines": {
        "node": "^18.17.0 || ^20.3.0 || >=21.0.0"
      }
    },
    "node_modules/@img/sharp-linux-arm": {
      "version": "0.33.5",
      "resolved": "https://registry.npmjs.org/@img/sharp-linux-arm/-/sharp-linux-arm-0.33.5.tgz",
      "integrity": "sha512-UGLh9Hp8dXFdFrk8+P6Kv0B9VJlw0AdH0rV1a0WdMHp5gAHi4PPLwt2S0NcdwrCwjXaToJHEVd9U5oDwblGWDpw==",
      "cpu": [
        "arm"
      ],
      "license": "Apache-2.0",
      "optional": true,
      "os": [
        "linux"
      ],
      "engines": {
        "node": "^18.17.0 || ^20.3.0 || >=21.0.0"
      }
    },
    "node_modules/@img/sharp-linux-arm64": {
      "version": "0.33.5",
      "resolved": "https://registry.npmjs.org/@img/sharp-linux-arm64/-/sharp-linux-arm64-0.33.5.tgz",
      "integrity": "sha512-JdVepj3/5SbXbmYW4bO9mmcQQPGp4S5jdO5K1rKBS1DWMU0tYzx/UaTsiPrDK1i9hVwZuH6B81iZHSGPfaJ9IQA==",
      "cpu": [
        "arm64"
      ],
      "license": "Apache-2.0",
      "optional": true,
      "os": [
        "linux"
      ],
      "engines": {
        "node": "^18.17.0 || ^20.3.0 || >=21.0.0"
      }
    },
    "node_modules/@img/sharp-linux-s390x": {
      "version": "0.33.5",
      "resolved": "https://registry.npmjs.org/@img/sharp-linux-s390x/-/sharp-linux-s390x-0.33.5.tgz",
      "integrity": "sha512-7M+TOXCGnHVcJCzJjpW8FP9+GweN1vqC8YxsGVU5L2Jw5QCOhLMhN6tnmWRXGrF2L3NDpJxBn1YVLZMGD6MFIA==",
      "cpu": [
        "s390x"
      ],
      "license": "Apache-2.0",
      "optional": true,
      "os": [
        "linux"
      ],
      "engines": {
        "node": "^18.17.0 || ^20.3.0 || >=21.0.0"
      }
    },
    "node_modules/@img/sharp-linux-x64": {
      "version": "0.33.5",
      "resolved": "https://registry.npmjs.org/@img/sharp-linux-x64/-/sharp-linux-x64-0.33.5.tgz",
      "integrity": "sha512-MLxYcthdyMNsN6Yc3aFJ1HNmNjsW1nT1UX1d9W8T4oySjFOHCxhsXMmzx7Y3JMfJCZsAALV0rDKpLBJn1F6MXw==",
      "cpu": [
        "x64"
      ],
      "license": "Apache-2.0",
      "optional": true,
      "os": [
        "linux"
      ],
      "engines": {
        "node": "^18.17.0 || ^20.3.0 || >=21.0.0"
      }
    },
    "node_modules/@img/sharp-linuxmusl-arm64": {
      "version": "0.33.5",
      "resolved": "https://registry.npmjs.org/@img/sharp-linuxmusl-arm64/-/sharp-linuxmusl-arm64-0.33.5.tgz",
      "integrity": "sha512-Tj4Itcht0JiEr3Uv/BnFM+AAy6Unh0X7GKDpbKsVmIkO0FbdCc7AsH2pnZVu8aJMiS0kH6qa9WZG6K3j22nJtw==",
      "cpu": [
        "arm64"
      ],
      "license": "Apache-2.0",
      "optional": true,
      "os": [
        "linux"
      ],
      "engines": {
        "node": "^18.17.0 || ^20.3.0 || >=21.0.0"
      }
    },
    "node_modules/@img/sharp-linuxmusl-x64": {
      "version": "0.33.5",
      "resolved": "https://registry.npmjs.org/@img/sharp-linuxmusl-x64/-/sharp-linuxmusl-x64-0.33.5.tgz",
      "integrity": "sha512-WT+d/cgqKkkKySYmqoZ8y3pxx7lx9vVejxW/W4DOFMYVSkErR+w7mf2u8m/y4+xHe7yY9DAXQMWQhpnMuFfScw==",
      "cpu": [
        "x64"
      ],
      "license": "Apache-2.0",
      "optional": true,
      "os": [
        "linux"
      ],
      "engines": {
        "node": ">=18.17.0 || ^20.3.0 || >=21.0.0"
      }
    },
    "node_modules/@img/sharp-wasm32": {
      "version": "0.33.5",
      "resolved": "https://registry.npmjs.org/@img/sharp-wasm32/-/sharp-wasm32-0.33.5.tgz",
      "integrity": "sha512-ykUW4LVGaMcU9lu9thv85CbRMAwfeadCJHRsg2GmeRa/cJxsVY9Rbd57JcMxBkKHag5U/x7TSBpScF4U8ElVzg==",
      "cpu": [
        "wasm32"
      ],
      "license": "Apache-2.0 AND LGPL-3.0-or-later AND MIT",
      "optional": true,
      "dependencies": {
        "@emnapi/runtime": "^1.2.0"
      },
      "engines": {
        "node": ">=18.17.0 || ^20.3.0 || >=21.0.0"
      }
    },
    "node_modules/@img/sharp-win32-ia32": {
      "version": "0.33.5",
      "resolved": "https://registry.npmjs.org/@img/sharp-win32-ia32/-/sharp-win32-ia32-0.33.5.tgz",
      "integrity": "sha512-T36PblLaTwuVJ/zw/LaH0PdZkRz5rd3SmMHX8GSmR7vtNSP5Z6bQkExdSK7xGWyxLw4sUknBuugTelgw2faBbQ==",
      "cpu": [
        "ia32"
      ],
      "license": "Apache-2.0 AND LGPL-3.0-or-later",
      "optional": true,
      "os": [
        "win32"
      ],
      "engines": {
        "node": "^18.17.0 || ^20.3.0 || >=21.0.0"
      }
    },
    "node_modules/@img/sharp-win32-x64": {
      "version": "0.33.5",
      "resolved": "https://registry.npmjs.org/@img/sharp-win32-x64/-/sharp-win32-x64-0.33.5.tgz",
      "integrity": "sha512-MpY/o8/8kj+EcnxwvrP4aTJSWw/aZ7JIGR4aBeZkZw5B7/Jn+tY9/VNwtcoGmdT7GfggGIU4kygOMSbYnOrAbg==",
      "cpu": [
        "x64"
      ],
      "license": "Apache-2.0 AND LGPL-3.0-or-later",
      "optional": true,
      "os": [
        "win32"
      ],
      "engines": {
        "node": "^18.17.0 || ^20.3.0 || >=21.0.0"
      }
    },
    "node_modules/@ioredis/commands": {
      "version": "1.5.1",
      "resolved": "https://registry.npmjs.org/@ioredis/commands/-/commands-1.5.1.tgz",
      "integrity": "sha512-JH8ZL/ywcJyR9MmJ5BNqZllXNZQqQbnVZOqpPQqE1vHiFgAw4NHbvE0FOduNU8IX9babitBT46571OnPTT0Zcw==",
      "license": "MIT"
    },
    "node_modules/@isaacs/cliui": {
      "version": "8.0.2",
      "resolved": "https://registry.npmjs.org/@isaacs/cliui/-/cliui-8.0.2.tgz",
      "integrity": "sha512-O8jcjabXaleOG9DQ0+ARXWZBTfnP4WNAqzuiJK7ll44AmxGKv/J2M4TPjxjY3znBCfvBXFzucm1twdyFybFqEA==",
      "dev": true,
      "license": "ISC",
      "dependencies": {
        "string-width": "^5.1.2",
        "string-width-cjs": "npm:string-width@^4.2.0",
        "strip-ansi": "^7.0.1",
        "strip-ansi-cjs": "npm:strip-ansi@^6.0.1",
        "wrap-ansi": "^8.1.0",
        "wrap-ansi-cjs": "npm:wrap-ansi@^7.0.0"
      },
      "engines": {
        "node": ">=12"
      }
    },
    "node_modules/@istanbuljs/schema": {
      "version": "0.1.3",
      "resolved": "https://registry.npmjs.org/@istanbuljs/schema/-/schema-0.1.3.tgz",
      "integrity": "sha512-ZXRY4jNvVgSVQ8DL3LTcakaAtXwTVUxE81hslsyD2AtoXW/wVob10HkOJ1X/pAlcI7D+2YoZKg5do8G/w6RYgA==",
      "dev": true,
      "license": "MIT",
      "engines": {
        "node": ">=8"
      }
    },
    "node_modules/@jridgewell/gen-mapping": {
      "version": "0.3.13",
      "resolved": "https://registry.npmjs.org/@jridgewell/gen-mapping/-/gen-mapping-0.3.13.tgz",
      "integrity": "sha512-2kkt/7niJ6MgEPxF0bYdQ6etZaA+fQvDcLKckhy1yIQOzaoKjBBjSj63/aLVjYE3qhRt5dvM+uUyfCg6UKCBbA==",
      "dev": true,
      "license": "MIT",
      "dependencies": {
        "@jridgewell/sourcemap-codec": "^1.5.0",
        "@jridgewell/trace-mapping": "^0.3.24"
      }
    },
    "node_modules/@jridgewell/resolve-uri": {
      "version": "3.1.2",
      "resolved": "https://registry.npmjs.org/@jridgewell/resolve-uri/-/resolve-uri-3.1.2.tgz",
      "integrity": "sha512-bRISgCIjP20/tbWSPWMEi54QVPRZExkuD9lJL+UIxUKtwVJA8wW1Trb1jMs1RFXo1CBTNZ/5hpC9QvmKWdopKw==",
      "dev": true,
      "license": "MIT",
      "engines": {
        "node": ">=6.0.0"
      }
    },
    "node_modules/@jridgewell/sourcemap-codec": {
      "version": "1.5.5",
      "resolved": "https://registry.npmjs.org/@jridgewell/sourcemap-codec/-/sourcemap-codec-1.5.5.tgz",
      "integrity": "sha512-cYQ9310grqxueWbl+WuIUIaiUaDcj7WOq5fVhEljNVgRfOUhY9fy2zTvfoqWsnebh8Sl70VScFbICvJnLKB0Og==",
      "dev": true,
      "license": "MIT"
    },
    "node_modules/@jridgewell/trace-mapping": {
      "version": "0.3.31",
      "resolved": "https://registry.npmjs.org/@jridgewell/trace-mapping/-/trace-mapping-0.3.31.tgz",
      "integrity": "sha512-zzNR+SdQSDJzc8joaeP8QQoCQr8NuYx2dIIytl1QeBEZHJ9uW6hebsrYgbz8hJwUQao3TWCMtmfV8Nu1twOLAw==",
      "dev": true,
      "license": "MIT",
      "dependencies": {
        "@jridgewell/resolve-uri": "^3.1.0",
        "@jridgewell/sourcemap-codec": "^1.4.14"
      }
    },
    "node_modules/@langchain/anthropic": {
      "version": "1.3.25",
      "resolved": "https://registry.npmjs.org/@langchain/anthropic/-/anthropic-1.3.25.tgz",
      "integrity": "sha512-iwhznHMFaU+MZyac4UJjppJmfNSINB1Joruh0obgCLSmJYxicRVWtWnUgnHXGYRstToWDYwfymvfftgo872EzQ==",
      "license": "MIT",
      "dependencies": {
        "@anthropic-ai/sdk": "^0.74.0",
        "zod": "^3.25.76 || ^4"
      },
      "engines": {
        "node": ">=20"
      },
      "peerDependencies": {
        "@langchain/core": "^1.1.34"
      }
    },
    "node_modules/@langchain/anthropic/node_modules/@anthropic-ai/sdk": {
      "version": "0.74.0",
      "resolved": "https://registry.npmjs.org/@anthropic-ai/sdk/-/sdk-0.74.0.tgz",
      "integrity": "sha512-srbJV7JKsc5cQ6eVuFzjZO7UR3xEPJqPamHFIe29bs38Ij2IripoAhC0S5NslNbaFUYqBKypmmpzMTpqfHEUDw==",
      "license": "MIT",
      "dependencies": {
        "json-schema-to-ts": "^3.1.1"
      },
      "bin": {
        "anthropic-ai-sdk": "bin/cli"
      },
      "peerDependencies": {
        "zod": "^3.25.0 || ^4.0.0"
      },
      "peerDependenciesMeta": {
        "zod": {
          "optional": true
        }
      }
    },
    "node_modules/@langchain/core": {
      "version": "1.1.34",
      "resolved": "https://registry.npmjs.org/@langchain/core/-/core-1.1.34.tgz",
      "integrity": "sha512-IDlZES5Vexo5meLQRCGkAU7NM0tPGPfPP5wcUzBd7Ot+JoFBmSXutC4gGzvZod5AKRVn3I0Qy5k8vkTraY21jA==",
      "license": "MIT",
      "dependencies": {
        "@cfworker/json-schema": "^4.0.2",
        "@standard-schema/spec": "^1.1.0",
        "ansi-styles": "^5.0.0",
        "camelcase": "6",
        "decamelize": "1.2.0",
        "js-tiktoken": "^1.0.12",
        "langsmith": ">=0.5.0 <1.0.0",
        "mustache": "^4.2.0",
        "p-queue": "^6.6.2",
        "uuid": "^11.1.0",
        "zod": "^3.25.76 || ^4"
      },
      "engines": {
        "node": ">=20"
      }
    },
    "node_modules/@langchain/core/node_modules/ansi-styles": {
      "version": "5.2.0",
      "resolved": "https://registry.npmjs.org/ansi-styles/-/ansi-styles-5.2.0.tgz",
      "integrity": "sha512-Cxwpt2SfTzTtXcfOlzGEee8O+c+MmUgGrNiBcXnuWxuFJHe6a5Hz7qwhwe5OgaSYI0IJvkLqWX1ASG+cJOkEiA==",
      "license": "MIT",
      "engines": {
        "node": ">=10"
      },
      "funding": {
        "url": "https://github.com/chalk/ansi-styles?sponsor=1"
      }
    },
    "node_modules/@langchain/langgraph": {
      "version": "1.2.4",
      "resolved": "https://registry.npmjs.org/@langchain/langgraph/-/langgraph-1.2.4.tgz",
      "integrity": "sha512-opUmulmIkQFwFP/JpsXl8K7vqfzeNjuZObeQ1ASu4ZjUcQdyaY1Vm11g9fxH/pXJFeIWy+6BLVJcLUxQ1DRhcA==",
      "license": "MIT",
      "dependencies": {
        "@langchain/langgraph-checkpoint": "^1.0.1",
        "@langchain/langgraph-sdk": "~1.7.5",
        "@standard-schema/spec": "1.1.0",
        "uuid": "^10.0.0"
      },
      "engines": {
        "node": ">=18"
      },
      "peerDependencies": {
        "@langchain/core": "^1.1.16",
        "zod": "^3.25.32 || ^4.2.0",
        "zod-to-json-schema": "^3.x"
      },
      "peerDependenciesMeta": {
        "zod-to-json-schema": {
          "optional": true
        }
      }
    },
    "node_modules/@langchain/langgraph-checkpoint": {
      "version": "1.0.1",
      "resolved": "https://registry.npmjs.org/@langchain/langgraph-checkpoint/-/langgraph-checkpoint-1.0.1.tgz",
      "integrity": "sha512-HM0cJLRpIsSlWBQ/xuDC67l52SqZ62Bh2Y61DX+Xorqwoh5e1KxYvfCD7GnSTbWWhjBOutvnR0vPhu4orFkZfw==",
      "license": "MIT",
      "dependencies": {
        "uuid": "^10.0.0"
      },
      "engines": {
        "node": ">=18"
      },
      "peerDependencies": {
        "@langchain/core": "^1.0.1"
      }
    },
    "node_modules/@langchain/langgraph-checkpoint/node_modules/uuid": {
      "version": "10.0.0",
      "resolved": "https://registry.npmjs.org/uuid/-/uuid-10.0.0.tgz",
      "integrity": "sha512-8XkAphELsDnEGrDxUOHB3RGvXz6TeuYSGEZBOjtTtPm2lwhGBjLgOzLHB63IUWfBpNucQjND6d3AOudO+H3RWQ==",
      "funding": [
        "https://github.com/sponsors/broofa",
        "https://github.com/sponsors/ctavan"
      ],
      "license": "MIT",
      "bin": {
        "uuid": "dist/bin/uuid"
      }
    },
    "node_modules/@langchain/langgraph-sdk": {
      "version": "1.7.5",
      "resolved": "https://registry.npmjs.org/@langchain/langgraph-sdk/-/langgraph-sdk-1.7.5.tgz",
      "integrity": "sha512-j6MjD5btOfVSj2nVKVTu28YPHA9vzBuDbOFnzzfa5q4F6Tbt2Dwg+EiGhJptUz/3XKmU0OKp/3gCWk0ZTHHD1Q==",
      "license": "MIT",
      "dependencies": {
        "@types/json-schema": "^7.0.15",
        "p-queue": "^9.0.1",
        "p-retry": "^7.1.1",
        "uuid": "^13.0.0"
      },
      "peerDependencies": {
        "@langchain/core": "^1.1.16",
        "react": "^18 || ^19",
        "react-dom": "^18 || ^19",
        "svelte": "^4.0.0 || ^5.0.0",
        "vue": "^3.0.0"
      },
      "peerDependenciesMeta": {
        "@langchain/core": {
          "optional": true
        },
        "react": {
          "optional": true
        },
        "react-dom": {
          "optional": true
        },
        "svelte": {
          "optional": true
        },
        "vue": {
          "optional": true
        }
      }
    },
    "node_modules/@langchain/langgraph-sdk/node_modules/p-queue": {
      "version": "9.1.0",
      "resolved": "https://registry.npmjs.org/p-queue/-/p-queue-9.1.0.tgz",
      "integrity": "sha512-O/ZPaXuQV29uSLbxWBGGZO1mCQXV2BLIwUr59JUU9SoH76mnYvtms7aafH/isNSNGwuEfP6W/4xD0/TJXxrizw==",
      "license": "MIT",
      "dependencies": {
        "eventemitter3": "^5.0.1",
        "p-timeout": "^7.0.0"
      },
      "engines": {
        "node": ">=20"
      },
      "funding": {
        "url": "https://github.com/sponsors/sindresorhus"
      }
    },
    "node_modules/@langchain/langgraph-sdk/node_modules/p-retry": {
      "version": "7.1.1",
      "resolved": "https://registry.npmjs.org/p-retry/-/p-retry-7.1.1.tgz",
      "integrity": "sha512-J5ApzjyRkkf601HpEeykoiCvzHQjWxPAHhyjFcEUP2SWq0+35NKh8TLhpLw+Dkq5TZBFvUM6UigdE9hIVYTl5w==",
      "license": "MIT",
      "dependencies": {
        "is-network-error": "^1.1.0"
      },
      "engines": {
        "node": ">=20"
      },
      "funding": {
        "url": "https://github.com/sponsors/sindresorhus"
      }
    },
    "node_modules/@langchain/langgraph-sdk/node_modules/p-timeout": {
      "version": "7.0.1",
      "resolved": "https://registry.npmjs.org/p-timeout/-/p-timeout-7.0.1.tgz",
      "integrity": "sha512-AxTM2wDGORHGEkPCt8yqxOTMgpfbEHqF51f/5fJCmwFC3C/zNcGT63SymH2ttOAaiIws2zVg4+izQCjrakcwHg==",
      "license": "MIT",
      "engines": {
        "node": ">=20"
      },
      "funding": {
        "url": "https://github.com/sponsors/sindresorhus"
      }
    },
    "node_modules/@langchain/langgraph-sdk/node_modules/uuid": {
      "version": "13.0.0",
      "resolved": "https://registry.npmjs.org/uuid/-/uuid-13.0.0.tgz",
      "integrity": "sha512-XQegIaBTVUjSHliKqcnFqYypAd4S+WCYt5NIeRs6w/UAry7z8Y9j5ZwRRL4kzq9U3sD6v+85er9FvkEaBpji2w==",
      "funding": [
        "https://github.com/sponsors/broofa",
        "https://github.com/sponsors/ctavan"
      ],
      "license": "MIT",
      "bin": {
        "uuid": "dist-node/bin/uuid"
      }
    },
    "node_modules/@langchain/langgraph/node_modules/uuid": {
      "version": "10.0.0",
      "resolved": "https://registry.npmjs.org/uuid/-/uuid-10.0.0.tgz",
      "integrity": "sha512-8XkAphELsDnEGrDxUOHB3RGvXz6TeuYSGEZBOjtTtPm2lwhGBjLgOzLHB63IUWfBpNucQjND6d3AOudO+H3RWQ==",
      "funding": [
        "https://github.com/sponsors/broofa",
        "https://github.com/sponsors/ctavan"
      ],
      "license": "MIT",
      "bin": {
        "uuid": "dist/bin/uuid"
      }
    },
    "node_modules/@langchain/openai": {
      "version": "1.3.0",
      "resolved": "https://registry.npmjs.org/@langchain/openai/-/openai-1.3.0.tgz",
      "integrity": "sha512-FDsF6xKCvFduiZcX57fL2Md+DZ+fJubcUN1iwUaEwJOQnq7zFFYj3a/KuQ7EiOFR3hEsnhPilSfxO1VW85wMZw==",
      "license": "MIT",
      "dependencies": {
        "js-tiktoken": "^1.0.12",
        "openai": "^6.27.0",
        "zod": "^3.25.76 || ^4"
      },
      "engines": {
        "node": ">=20"
      },
      "peerDependencies": {
        "@langchain/core": "^1.1.33"
      }
    }
  }
}